{
  "originHash" : "dca93160c05fdf96e21131fcce246a89007364dd6fe893b17b1caf8460813113",
  "pins" : [
    {
      "identity" : "sparkle",
      "kind" : "remoteSourceControl",
      "location" : "https://github.com/sparkle-project/Sparkle",
      "state" : {
        "revision" : "eef1a539a373c1f1a320624b1130fc5de7b2e100",
        "version" : "2.10.0"
      }
    },
    {
      "identity" : "swift-subprocess",
      "kind" : "remoteSourceControl",
      "location" : "https://github.com/swiftlang/swift-subprocess.git",
      "state" : {
        "revision" : "b3937ab85dd32f6e9435914599c1519074769c1a",
        "version" : "1.0.0"
      }
    },
    {
      "identity" : "swift-system",
      "kind" : "remoteSourceControl",
      "location" : "https://github.com/apple/swift-system",
      "state" : {
        "revision" : "869129b7bf4ecc57b97d0193ad29690ca2134750",
        "version" : "1.8.1"
      }
    },
    {
      "identity" : "swiftlykit",
      "kind" : "remoteSourceControl",
      "location" : "https://github.com/mottzi/SwiftlyKit.git",
      "state" : {
        "revision" : "c2088fe21d55b307a4cff3c0b1ee5ccd37c86281",
        "version" : "0.6.0"
      }
    }
  ],
  "version" : 3
}
