{
  "originHash" : "cc51362741de594d2149eb018c00d6826cb3325c23dd6bd501ce6eb8adca15d8",
  "pins" : [
    {
      "identity" : "swift-subprocess",
      "kind" : "remoteSourceControl",
      "location" : "https://github.com/swiftlang/swift-subprocess.git",
      "state" : {
        "revision" : "b3937ab85dd32f6e9435914599c1519074769c1a",
        "version" : "1.0.0"
      }
    },
    {
      "identity" : "swift-system",
      "kind" : "remoteSourceControl",
      "location" : "https://github.com/apple/swift-system",
      "state" : {
        "revision" : "869129b7bf4ecc57b97d0193ad29690ca2134750",
        "version" : "1.8.1"
      }
    },
    {
      "identity" : "swiftlykit",
      "kind" : "remoteSourceControl",
      "location" : "https://github.com/mottzi/SwiftlyKit.git",
      "state" : {
        "revision" : "d1c0e71663d32e9b2fa9d526bd13ee386271a484",
        "version" : "0.5.1"
      }
    }
  ],
  "version" : 3
}
